
Microsoft Visual Studio Solution File, Format Version 12.00
# Visual Studio 2012
Project("{FAE04EC0-301F-11D3-BF4B-00C04F79EFBC}") = "MencoderSharp", "MencoderSharp\MencoderSharp.csproj", "{449E689B-67D2-4259-8E88-158283A6ECE5}"
EndProject
Project("{FAE04EC0-301F-11D3-BF4B-00C04F79EFBC}") = "MencoderSharpDemo", "MencoderSharpDemo\MencoderSharpDemo.csproj", "{814F6DE3-7CB9-4902-A69A-C05235D5E5F5}"
EndProject
Project("{7CF6DF6D-3B04-46F8-A40B-537D21BCA0B4}") = "DocumentationMencoderSharp", "DocumentationMencoderSharp\DocumentationMencoderSharp.shfbproj", "{00B07CA6-C1ED-4AE7-8991-C8F078E5DA41}"
EndProject
Project("{FAE04EC0-301F-11D3-BF4B-00C04F79EFBC}") = "MencoderSharpDemoImageToMovie", "MencoderSharpDemoImageToMovie\MencoderSharpDemoImageToMovie.csproj", "{B623F9A3-7CC1-4667-8F85-864FCEFEE37C}"
EndProject
Project("{FAE04EC0-301F-11D3-BF4B-00C04F79EFBC}") = "UnitTestMencoderSharp", "UnitTestMencoderSharp\UnitTestMencoderSharp.csproj", "{E83C0C0B-2D33-4DE3-8C1A-B9D6B27B1BC0}"
	ProjectSection(ProjectDependencies) = postProject
		{449E689B-67D2-4259-8E88-158283A6ECE5} = {449E689B-67D2-4259-8E88-158283A6ECE5}
	EndProjectSection
EndProject
Global
	GlobalSection(SolutionConfigurationPlatforms) = preSolution
		Debug|Any CPU = Debug|Any CPU
		Debug|Mixed Platforms = Debug|Mixed Platforms
		Debug|x86 = Debug|x86
		Release|Any CPU = Release|Any CPU
		Release|Mixed Platforms = Release|Mixed Platforms
		Release|x86 = Release|x86
	EndGlobalSection
	GlobalSection(ProjectConfigurationPlatforms) = postSolution
		{449E689B-67D2-4259-8E88-158283A6ECE5}.Debug|Any CPU.ActiveCfg = Debug|Any CPU
		{449E689B-67D2-4259-8E88-158283A6ECE5}.Debug|Any CPU.Build.0 = Debug|Any CPU
		{449E689B-67D2-4259-8E88-158283A6ECE5}.Debug|Mixed Platforms.ActiveCfg = Debug|Any CPU
		{449E689B-67D2-4259-8E88-158283A6ECE5}.Debug|Mixed Platforms.Build.0 = Debug|Any CPU
		{449E689B-67D2-4259-8E88-158283A6ECE5}.Debug|x86.ActiveCfg = Debug|Any CPU
		{449E689B-67D2-4259-8E88-158283A6ECE5}.Release|Any CPU.ActiveCfg = Release|Any CPU
		{449E689B-67D2-4259-8E88-158283A6ECE5}.Release|Any CPU.Build.0 = Release|Any CPU
		{449E689B-67D2-4259-8E88-158283A6ECE5}.Release|Mixed Platforms.ActiveCfg = Release|Any CPU
		{449E689B-67D2-4259-8E88-158283A6ECE5}.Release|Mixed Platforms.Build.0 = Release|Any CPU
		{449E689B-67D2-4259-8E88-158283A6ECE5}.Release|x86.ActiveCfg = Release|Any CPU
		{814F6DE3-7CB9-4902-A69A-C05235D5E5F5}.Debug|Any CPU.ActiveCfg = Debug|x86
		{814F6DE3-7CB9-4902-A69A-C05235D5E5F5}.Debug|Any CPU.Build.0 = Debug|x86
		{814F6DE3-7CB9-4902-A69A-C05235D5E5F5}.Debug|Mixed Platforms.ActiveCfg = Debug|x86
		{814F6DE3-7CB9-4902-A69A-C05235D5E5F5}.Debug|Mixed Platforms.Build.0 = Debug|x86
		{814F6DE3-7CB9-4902-A69A-C05235D5E5F5}.Debug|x86.ActiveCfg = Debug|x86
		{814F6DE3-7CB9-4902-A69A-C05235D5E5F5}.Debug|x86.Build.0 = Debug|x86
		{814F6DE3-7CB9-4902-A69A-C05235D5E5F5}.Release|Any CPU.ActiveCfg = Release|x86
		{814F6DE3-7CB9-4902-A69A-C05235D5E5F5}.Release|Mixed Platforms.ActiveCfg = Release|x86
		{814F6DE3-7CB9-4902-A69A-C05235D5E5F5}.Release|Mixed Platforms.Build.0 = Release|x86
		{814F6DE3-7CB9-4902-A69A-C05235D5E5F5}.Release|x86.ActiveCfg = Release|x86
		{814F6DE3-7CB9-4902-A69A-C05235D5E5F5}.Release|x86.Build.0 = Release|x86
		{00B07CA6-C1ED-4AE7-8991-C8F078E5DA41}.Debug|Any CPU.ActiveCfg = Debug|Any CPU
		{00B07CA6-C1ED-4AE7-8991-C8F078E5DA41}.Debug|Mixed Platforms.ActiveCfg = Debug|Any CPU
		{00B07CA6-C1ED-4AE7-8991-C8F078E5DA41}.Debug|Mixed Platforms.Build.0 = Debug|Any CPU
		{00B07CA6-C1ED-4AE7-8991-C8F078E5DA41}.Debug|x86.ActiveCfg = Debug|Any CPU
		{00B07CA6-C1ED-4AE7-8991-C8F078E5DA41}.Release|Any CPU.ActiveCfg = Release|Any CPU
		{00B07CA6-C1ED-4AE7-8991-C8F078E5DA41}.Release|Any CPU.Build.0 = Release|Any CPU
		{00B07CA6-C1ED-4AE7-8991-C8F078E5DA41}.Release|Mixed Platforms.ActiveCfg = Release|Any CPU
		{00B07CA6-C1ED-4AE7-8991-C8F078E5DA41}.Release|x86.ActiveCfg = Release|Any CPU
		{B623F9A3-7CC1-4667-8F85-864FCEFEE37C}.Debug|Any CPU.ActiveCfg = Debug|Any CPU
		{B623F9A3-7CC1-4667-8F85-864FCEFEE37C}.Debug|Any CPU.Build.0 = Debug|Any CPU
		{B623F9A3-7CC1-4667-8F85-864FCEFEE37C}.Debug|Mixed Platforms.ActiveCfg = Debug|Any CPU
		{B623F9A3-7CC1-4667-8F85-864FCEFEE37C}.Debug|Mixed Platforms.Build.0 = Debug|Any CPU
		{B623F9A3-7CC1-4667-8F85-864FCEFEE37C}.Debug|x86.ActiveCfg = Debug|Any CPU
		{B623F9A3-7CC1-4667-8F85-864FCEFEE37C}.Release|Any CPU.ActiveCfg = Release|Any CPU
		{B623F9A3-7CC1-4667-8F85-864FCEFEE37C}.Release|Any CPU.Build.0 = Release|Any CPU
		{B623F9A3-7CC1-4667-8F85-864FCEFEE37C}.Release|Mixed Platforms.ActiveCfg = Release|Any CPU
		{B623F9A3-7CC1-4667-8F85-864FCEFEE37C}.Release|Mixed Platforms.Build.0 = Release|Any CPU
		{B623F9A3-7CC1-4667-8F85-864FCEFEE37C}.Release|x86.ActiveCfg = Release|Any CPU
		{E83C0C0B-2D33-4DE3-8C1A-B9D6B27B1BC0}.Debug|Any CPU.ActiveCfg = Debug|Any CPU
		{E83C0C0B-2D33-4DE3-8C1A-B9D6B27B1BC0}.Debug|Any CPU.Build.0 = Debug|Any CPU
		{E83C0C0B-2D33-4DE3-8C1A-B9D6B27B1BC0}.Debug|Mixed Platforms.ActiveCfg = Debug|Any CPU
		{E83C0C0B-2D33-4DE3-8C1A-B9D6B27B1BC0}.Debug|Mixed Platforms.Build.0 = Debug|Any CPU
		{E83C0C0B-2D33-4DE3-8C1A-B9D6B27B1BC0}.Debug|x86.ActiveCfg = Debug|Any CPU
		{E83C0C0B-2D33-4DE3-8C1A-B9D6B27B1BC0}.Release|Any CPU.ActiveCfg = Release|Any CPU
		{E83C0C0B-2D33-4DE3-8C1A-B9D6B27B1BC0}.Release|Any CPU.Build.0 = Release|Any CPU
		{E83C0C0B-2D33-4DE3-8C1A-B9D6B27B1BC0}.Release|Mixed Platforms.ActiveCfg = Release|Any CPU
		{E83C0C0B-2D33-4DE3-8C1A-B9D6B27B1BC0}.Release|Mixed Platforms.Build.0 = Release|Any CPU
		{E83C0C0B-2D33-4DE3-8C1A-B9D6B27B1BC0}.Release|x86.ActiveCfg = Release|Any CPU
	EndGlobalSection
	GlobalSection(SolutionProperties) = preSolution
		HideSolutionNode = FALSE
	EndGlobalSection
	GlobalSection(SubversionScc) = preSolution
		Svn-Managed = True
		Manager = AnkhSVN - Subversion Support for Visual Studio
	EndGlobalSection
EndGlobal
